
Microsoft Visual Studio Solution File, Format Version 12.00
# Visual Studio Express 2012 for Web
Project("{2150E333-8FDC-42A3-9474-1A3956D46DE8}") = "Solution Items", "Solution Items", "{F13E7A6E-D69D-4266-9E11-B54EDE777375}"
	ProjectSection(SolutionItems) = preProject
		index.html = index.html
		Main.js = Main.js
		MapGraph.js = MapGraph.js
	EndProjectSection
EndProject
Global
	GlobalSection(SolutionProperties) = preSolution
		HideSolutionNode = FALSE
	EndGlobalSection
EndGlobal
